
Microsoft Visual Studio Solution File, Format Version 11.00
# Visual Studio 2010
Project("{FAE04EC0-301F-11D3-BF4B-00C04F79EFBC}") = "Unity.RenderPipelines.Core.Runtime", "Unity.RenderPipelines.Core.Runtime.csproj", "{c08ddd6d-1c3a-569a-a947-b96c1dc9e400}"
EndProject
Project("{FAE04EC0-301F-11D3-BF4B-00C04F79EFBC}") = "Unity.RenderPipelines.HighDefinition.Runtime", "Unity.RenderPipelines.HighDefinition.Runtime.csproj", "{1a87ad27-2add-b7aa-d548-68eb7683d7df}"
EndProject
Project("{FAE04EC0-301F-11D3-BF4B-00C04F79EFBC}") = "UnityEngine.UI", "UnityEngine.UI.csproj", "{58707122-91b0-26e8-211e-d0e0c4ddbda2}"
EndProject
Project("{FAE04EC0-301F-11D3-BF4B-00C04F79EFBC}") = "Unity.VisualEffectGraph.Runtime", "Unity.VisualEffectGraph.Runtime.csproj", "{fc264775-5df5-ab7b-ace7-0120bef669cf}"
EndProject
Project("{FAE04EC0-301F-11D3-BF4B-00C04F79EFBC}") = "Unity.RenderPipelines.ShaderGraph.ShaderGraphLibrary", "Unity.RenderPipelines.ShaderGraph.ShaderGraphLibrary.csproj", "{68e403d2-68c0-deb0-65d7-42a7b89ea8ab}"
EndProject
Project("{FAE04EC0-301F-11D3-BF4B-00C04F79EFBC}") = "Unity.RenderPipelines.Core.ShaderLibrary", "Unity.RenderPipelines.Core.ShaderLibrary.csproj", "{bf6087e2-3e25-8131-bd67-d3e60ac2bfdc}"
EndProject
Project("{FAE04EC0-301F-11D3-BF4B-00C04F79EFBC}") = "Unity.RenderPipelines.HighDefinition.Config.Runtime", "Unity.RenderPipelines.HighDefinition.Config.Runtime.csproj", "{ba5e2874-911b-e37b-000e-5e95550a024d}"
EndProject
Project("{FAE04EC0-301F-11D3-BF4B-00C04F79EFBC}") = "Assembly-CSharp", "Assembly-CSharp.csproj", "{4f9f87e4-02e5-f481-d0fe-c98e55c5b143}"
EndProject
Project("{FAE04EC0-301F-11D3-BF4B-00C04F79EFBC}") = "Unity.ShaderGraph.Editor", "Unity.ShaderGraph.Editor.csproj", "{340ad9f3-e3b5-5b27-f240-a61f5d265bc1}"
EndProject
Project("{FAE04EC0-301F-11D3-BF4B-00C04F79EFBC}") = "Unity.VisualEffectGraph.Editor", "Unity.VisualEffectGraph.Editor.csproj", "{d5f688db-1aa1-b59c-4416-66aecd5e5cc3}"
EndProject
Project("{FAE04EC0-301F-11D3-BF4B-00C04F79EFBC}") = "Unity.RenderPipelines.HighDefinition.Editor", "Unity.RenderPipelines.HighDefinition.Editor.csproj", "{6c7e9e6c-37ce-9fc9-f0f2-1d33cb1e068c}"
EndProject
Project("{FAE04EC0-301F-11D3-BF4B-00C04F79EFBC}") = "Unity.RenderPipelines.Core.Editor", "Unity.RenderPipelines.Core.Editor.csproj", "{18427ac3-56ac-ea36-1eae-2beb7c4ac25b}"
EndProject
Project("{FAE04EC0-301F-11D3-BF4B-00C04F79EFBC}") = "UnityEditor.UI", "UnityEditor.UI.csproj", "{20742c74-7881-7875-94d1-a6e2901c2768}"
EndProject
Project("{FAE04EC0-301F-11D3-BF4B-00C04F79EFBC}") = "Unity.ShaderGraph.Utilities", "Unity.ShaderGraph.Utilities.csproj", "{687dc3a2-3b4a-f2d5-190b-907f3dcbc82f}"
EndProject
Global
	GlobalSection(SolutionConfigurationPlatforms) = preSolution
		Debug|Any CPU = Debug|Any CPU
	EndGlobalSection
	GlobalSection(ProjectConfigurationPlatforms) = postSolution
		{c08ddd6d-1c3a-569a-a947-b96c1dc9e400}.Debug|Any CPU.ActiveCfg = Debug|Any CPU
		{c08ddd6d-1c3a-569a-a947-b96c1dc9e400}.Debug|Any CPU.Build.0 = Debug|Any CPU
		{1a87ad27-2add-b7aa-d548-68eb7683d7df}.Debug|Any CPU.ActiveCfg = Debug|Any CPU
		{1a87ad27-2add-b7aa-d548-68eb7683d7df}.Debug|Any CPU.Build.0 = Debug|Any CPU
		{58707122-91b0-26e8-211e-d0e0c4ddbda2}.Debug|Any CPU.ActiveCfg = Debug|Any CPU
		{58707122-91b0-26e8-211e-d0e0c4ddbda2}.Debug|Any CPU.Build.0 = Debug|Any CPU
		{fc264775-5df5-ab7b-ace7-0120bef669cf}.Debug|Any CPU.ActiveCfg = Debug|Any CPU
		{fc264775-5df5-ab7b-ace7-0120bef669cf}.Debug|Any CPU.Build.0 = Debug|Any CPU
		{68e403d2-68c0-deb0-65d7-42a7b89ea8ab}.Debug|Any CPU.ActiveCfg = Debug|Any CPU
		{68e403d2-68c0-deb0-65d7-42a7b89ea8ab}.Debug|Any CPU.Build.0 = Debug|Any CPU
		{bf6087e2-3e25-8131-bd67-d3e60ac2bfdc}.Debug|Any CPU.ActiveCfg = Debug|Any CPU
		{bf6087e2-3e25-8131-bd67-d3e60ac2bfdc}.Debug|Any CPU.Build.0 = Debug|Any CPU
		{ba5e2874-911b-e37b-000e-5e95550a024d}.Debug|Any CPU.ActiveCfg = Debug|Any CPU
		{ba5e2874-911b-e37b-000e-5e95550a024d}.Debug|Any CPU.Build.0 = Debug|Any CPU
		{4f9f87e4-02e5-f481-d0fe-c98e55c5b143}.Debug|Any CPU.ActiveCfg = Debug|Any CPU
		{4f9f87e4-02e5-f481-d0fe-c98e55c5b143}.Debug|Any CPU.Build.0 = Debug|Any CPU
		{340ad9f3-e3b5-5b27-f240-a61f5d265bc1}.Debug|Any CPU.ActiveCfg = Debug|Any CPU
		{340ad9f3-e3b5-5b27-f240-a61f5d265bc1}.Debug|Any CPU.Build.0 = Debug|Any CPU
		{d5f688db-1aa1-b59c-4416-66aecd5e5cc3}.Debug|Any CPU.ActiveCfg = Debug|Any CPU
		{d5f688db-1aa1-b59c-4416-66aecd5e5cc3}.Debug|Any CPU.Build.0 = Debug|Any CPU
		{6c7e9e6c-37ce-9fc9-f0f2-1d33cb1e068c}.Debug|Any CPU.ActiveCfg = Debug|Any CPU
		{6c7e9e6c-37ce-9fc9-f0f2-1d33cb1e068c}.Debug|Any CPU.Build.0 = Debug|Any CPU
		{18427ac3-56ac-ea36-1eae-2beb7c4ac25b}.Debug|Any CPU.ActiveCfg = Debug|Any CPU
		{18427ac3-56ac-ea36-1eae-2beb7c4ac25b}.Debug|Any CPU.Build.0 = Debug|Any CPU
		{20742c74-7881-7875-94d1-a6e2901c2768}.Debug|Any CPU.ActiveCfg = Debug|Any CPU
		{20742c74-7881-7875-94d1-a6e2901c2768}.Debug|Any CPU.Build.0 = Debug|Any CPU
		{687dc3a2-3b4a-f2d5-190b-907f3dcbc82f}.Debug|Any CPU.ActiveCfg = Debug|Any CPU
		{687dc3a2-3b4a-f2d5-190b-907f3dcbc82f}.Debug|Any CPU.Build.0 = Debug|Any CPU
	EndGlobalSection
	GlobalSection(SolutionProperties) = preSolution
		HideSolutionNode = FALSE
	EndGlobalSection
EndGlobal
