
Microsoft Visual Studio Solution File, Format Version 11.00
# Visual Studio 2010
Project("{FAE04EC0-301F-11D3-BF4B-00C04F79EFBC}") = "Unity.RenderPipelines.Core.Runtime", "Unity.RenderPipelines.Core.Runtime.csproj", "{2abb8645-e743-39f2-5499-97081fd7779e}"
EndProject
Project("{FAE04EC0-301F-11D3-BF4B-00C04F79EFBC}") = "UnityEngine.UI", "UnityEngine.UI.csproj", "{8ba5ffc0-d303-0b0b-b9ef-5aeb7bfa64be}"
EndProject
Project("{FAE04EC0-301F-11D3-BF4B-00C04F79EFBC}") = "Unity.RenderPipelines.Universal.Runtime", "Unity.RenderPipelines.Universal.Runtime.csproj", "{7dc454bb-eb9a-0008-253b-ed347d29625c}"
EndProject
Project("{FAE04EC0-301F-11D3-BF4B-00C04F79EFBC}") = "Unity.RenderPipeline.Universal.ShaderLibrary", "Unity.RenderPipeline.Universal.ShaderLibrary.csproj", "{248f00f9-1325-0488-b3b3-50a04bc7734f}"
EndProject
Project("{FAE04EC0-301F-11D3-BF4B-00C04F79EFBC}") = "Assembly-CSharp", "Assembly-CSharp.csproj", "{2661570a-eb42-01b8-db76-f3a2cd53f925}"
EndProject
Project("{FAE04EC0-301F-11D3-BF4B-00C04F79EFBC}") = "Unity.RenderPipelines.Core.ShaderLibrary", "Unity.RenderPipelines.Core.ShaderLibrary.csproj", "{99aef4ef-d10c-7e57-5c42-5fb993749938}"
EndProject
Project("{FAE04EC0-301F-11D3-BF4B-00C04F79EFBC}") = "Unity.RenderPipelines.Universal.Shaders", "Unity.RenderPipelines.Universal.Shaders.csproj", "{95d5556d-c2df-486f-1643-5aa9baf4a20e}"
EndProject
Project("{FAE04EC0-301F-11D3-BF4B-00C04F79EFBC}") = "Unity.RenderPipelines.ShaderGraph.ShaderGraphLibrary", "Unity.RenderPipelines.ShaderGraph.ShaderGraphLibrary.csproj", "{4fbdfffe-a56b-dfe9-5d02-9e102a058692}"
EndProject
Project("{FAE04EC0-301F-11D3-BF4B-00C04F79EFBC}") = "Unity.ShaderGraph.Editor", "Unity.ShaderGraph.Editor.csproj", "{60785f3b-fd71-cc12-c642-cb2e4770c6a7}"
EndProject
Project("{FAE04EC0-301F-11D3-BF4B-00C04F79EFBC}") = "Unity.RenderPipelines.Universal.Editor", "Unity.RenderPipelines.Universal.Editor.csproj", "{e46023ab-5ca8-58ca-9ff7-28f0e5d16600}"
EndProject
Project("{FAE04EC0-301F-11D3-BF4B-00C04F79EFBC}") = "Unity.RenderPipelines.Core.Editor", "Unity.RenderPipelines.Core.Editor.csproj", "{905bcade-a023-e9eb-9362-67ea01c31100}"
EndProject
Project("{FAE04EC0-301F-11D3-BF4B-00C04F79EFBC}") = "UnityEditor.UI", "UnityEditor.UI.csproj", "{c8ba47fd-83e6-6ecd-524b-0a078f5e294f}"
EndProject
Project("{FAE04EC0-301F-11D3-BF4B-00C04F79EFBC}") = "PPv2URPConverters", "PPv2URPConverters.csproj", "{b7b95650-ab30-a749-ebca-db0ab7ebd6c3}"
EndProject
Project("{FAE04EC0-301F-11D3-BF4B-00C04F79EFBC}") = "Unity.ShaderGraph.Utilities", "Unity.ShaderGraph.Utilities.csproj", "{b1f1a4b3-57ad-edfe-c392-95dadedd1fb4}"
EndProject
Global
	GlobalSection(SolutionConfigurationPlatforms) = preSolution
		Debug|Any CPU = Debug|Any CPU
	EndGlobalSection
	GlobalSection(ProjectConfigurationPlatforms) = postSolution
		{2abb8645-e743-39f2-5499-97081fd7779e}.Debug|Any CPU.ActiveCfg = Debug|Any CPU
		{2abb8645-e743-39f2-5499-97081fd7779e}.Debug|Any CPU.Build.0 = Debug|Any CPU
		{8ba5ffc0-d303-0b0b-b9ef-5aeb7bfa64be}.Debug|Any CPU.ActiveCfg = Debug|Any CPU
		{8ba5ffc0-d303-0b0b-b9ef-5aeb7bfa64be}.Debug|Any CPU.Build.0 = Debug|Any CPU
		{7dc454bb-eb9a-0008-253b-ed347d29625c}.Debug|Any CPU.ActiveCfg = Debug|Any CPU
		{7dc454bb-eb9a-0008-253b-ed347d29625c}.Debug|Any CPU.Build.0 = Debug|Any CPU
		{248f00f9-1325-0488-b3b3-50a04bc7734f}.Debug|Any CPU.ActiveCfg = Debug|Any CPU
		{248f00f9-1325-0488-b3b3-50a04bc7734f}.Debug|Any CPU.Build.0 = Debug|Any CPU
		{2661570a-eb42-01b8-db76-f3a2cd53f925}.Debug|Any CPU.ActiveCfg = Debug|Any CPU
		{2661570a-eb42-01b8-db76-f3a2cd53f925}.Debug|Any CPU.Build.0 = Debug|Any CPU
		{99aef4ef-d10c-7e57-5c42-5fb993749938}.Debug|Any CPU.ActiveCfg = Debug|Any CPU
		{99aef4ef-d10c-7e57-5c42-5fb993749938}.Debug|Any CPU.Build.0 = Debug|Any CPU
		{95d5556d-c2df-486f-1643-5aa9baf4a20e}.Debug|Any CPU.ActiveCfg = Debug|Any CPU
		{95d5556d-c2df-486f-1643-5aa9baf4a20e}.Debug|Any CPU.Build.0 = Debug|Any CPU
		{4fbdfffe-a56b-dfe9-5d02-9e102a058692}.Debug|Any CPU.ActiveCfg = Debug|Any CPU
		{4fbdfffe-a56b-dfe9-5d02-9e102a058692}.Debug|Any CPU.Build.0 = Debug|Any CPU
		{60785f3b-fd71-cc12-c642-cb2e4770c6a7}.Debug|Any CPU.ActiveCfg = Debug|Any CPU
		{60785f3b-fd71-cc12-c642-cb2e4770c6a7}.Debug|Any CPU.Build.0 = Debug|Any CPU
		{e46023ab-5ca8-58ca-9ff7-28f0e5d16600}.Debug|Any CPU.ActiveCfg = Debug|Any CPU
		{e46023ab-5ca8-58ca-9ff7-28f0e5d16600}.Debug|Any CPU.Build.0 = Debug|Any CPU
		{905bcade-a023-e9eb-9362-67ea01c31100}.Debug|Any CPU.ActiveCfg = Debug|Any CPU
		{905bcade-a023-e9eb-9362-67ea01c31100}.Debug|Any CPU.Build.0 = Debug|Any CPU
		{c8ba47fd-83e6-6ecd-524b-0a078f5e294f}.Debug|Any CPU.ActiveCfg = Debug|Any CPU
		{c8ba47fd-83e6-6ecd-524b-0a078f5e294f}.Debug|Any CPU.Build.0 = Debug|Any CPU
		{b7b95650-ab30-a749-ebca-db0ab7ebd6c3}.Debug|Any CPU.ActiveCfg = Debug|Any CPU
		{b7b95650-ab30-a749-ebca-db0ab7ebd6c3}.Debug|Any CPU.Build.0 = Debug|Any CPU
		{b1f1a4b3-57ad-edfe-c392-95dadedd1fb4}.Debug|Any CPU.ActiveCfg = Debug|Any CPU
		{b1f1a4b3-57ad-edfe-c392-95dadedd1fb4}.Debug|Any CPU.Build.0 = Debug|Any CPU
	EndGlobalSection
	GlobalSection(SolutionProperties) = preSolution
		HideSolutionNode = FALSE
	EndGlobalSection
EndGlobal
