
Microsoft Visual Studio Solution File, Format Version 11.00
# Visual Studio 2010
Project("{FAE04EC0-301F-11D3-BF4B-00C04F79EFBC}") = "UnityEngine.UI", "UnityEngine.UI.csproj", "{498a5ab5-51b0-767d-0195-3ef1b8d8d862}"
EndProject
Project("{FAE04EC0-301F-11D3-BF4B-00C04F79EFBC}") = "Unity.RenderPipelines.Core.Runtime", "Unity.RenderPipelines.Core.Runtime.csproj", "{acd2a834-a00e-5e9f-973c-fc53529a8153}"
EndProject
Project("{FAE04EC0-301F-11D3-BF4B-00C04F79EFBC}") = "Unity.RenderPipelines.HighDefinition.Runtime", "Unity.RenderPipelines.HighDefinition.Runtime.csproj", "{4db94f54-aaa3-b3da-0a6f-12f22c8bdca3}"
EndProject
Project("{FAE04EC0-301F-11D3-BF4B-00C04F79EFBC}") = "Unity.VisualEffectGraph.Runtime", "Unity.VisualEffectGraph.Runtime.csproj", "{a1b2bff9-3906-0345-9547-be6fc9c323aa}"
EndProject
Project("{FAE04EC0-301F-11D3-BF4B-00C04F79EFBC}") = "Assembly-CSharp", "Assembly-CSharp.csproj", "{a84ba027-5b5f-6e28-d5a5-ffcef0027a3d}"
EndProject
Project("{FAE04EC0-301F-11D3-BF4B-00C04F79EFBC}") = "Unity.RenderPipelines.ShaderGraph.ShaderGraphLibrary", "Unity.RenderPipelines.ShaderGraph.ShaderGraphLibrary.csproj", "{21d20125-1ff4-fb4d-372a-f9d5bc206fcd}"
EndProject
Project("{FAE04EC0-301F-11D3-BF4B-00C04F79EFBC}") = "Unity.RenderPipelines.Core.ShaderLibrary", "Unity.RenderPipelines.Core.ShaderLibrary.csproj", "{ce748ab2-3852-820b-c38c-b9e549f2426d}"
EndProject
Project("{FAE04EC0-301F-11D3-BF4B-00C04F79EFBC}") = "Unity.RenderPipelines.HighDefinition.Config.Runtime", "Unity.RenderPipelines.HighDefinition.Config.Runtime.csproj", "{a1598011-a093-da7d-a5c1-32086d516792}"
EndProject
Project("{FAE04EC0-301F-11D3-BF4B-00C04F79EFBC}") = "Unity.ShaderGraph.Editor", "Unity.ShaderGraph.Editor.csproj", "{a8e3fa63-2e0f-b952-dcc7-1b96d327297c}"
EndProject
Project("{FAE04EC0-301F-11D3-BF4B-00C04F79EFBC}") = "Unity.VisualEffectGraph.Editor", "Unity.VisualEffectGraph.Editor.csproj", "{8c0421b2-874e-f398-f106-20ef2316af59}"
EndProject
Project("{FAE04EC0-301F-11D3-BF4B-00C04F79EFBC}") = "Unity.RenderPipelines.HighDefinition.Editor", "Unity.RenderPipelines.HighDefinition.Editor.csproj", "{63d99c94-76f8-c091-30c1-24038d89ef19}"
EndProject
Project("{FAE04EC0-301F-11D3-BF4B-00C04F79EFBC}") = "Unity.RenderPipelines.Core.Editor", "Unity.RenderPipelines.Core.Editor.csproj", "{060d4133-7314-98a1-047c-686f5c543e1c}"
EndProject
Project("{FAE04EC0-301F-11D3-BF4B-00C04F79EFBC}") = "UnityEditor.UI", "UnityEditor.UI.csproj", "{0adeddfd-4b90-a727-6d6f-6ec3935fe5d1}"
EndProject
Project("{FAE04EC0-301F-11D3-BF4B-00C04F79EFBC}") = "Unity.ShaderGraph.Utilities", "Unity.ShaderGraph.Utilities.csproj", "{0668174a-e592-36e5-578c-ae320011929f}"
EndProject
Global
	GlobalSection(SolutionConfigurationPlatforms) = preSolution
		Debug|Any CPU = Debug|Any CPU
	EndGlobalSection
	GlobalSection(ProjectConfigurationPlatforms) = postSolution
		{498a5ab5-51b0-767d-0195-3ef1b8d8d862}.Debug|Any CPU.ActiveCfg = Debug|Any CPU
		{498a5ab5-51b0-767d-0195-3ef1b8d8d862}.Debug|Any CPU.Build.0 = Debug|Any CPU
		{acd2a834-a00e-5e9f-973c-fc53529a8153}.Debug|Any CPU.ActiveCfg = Debug|Any CPU
		{acd2a834-a00e-5e9f-973c-fc53529a8153}.Debug|Any CPU.Build.0 = Debug|Any CPU
		{4db94f54-aaa3-b3da-0a6f-12f22c8bdca3}.Debug|Any CPU.ActiveCfg = Debug|Any CPU
		{4db94f54-aaa3-b3da-0a6f-12f22c8bdca3}.Debug|Any CPU.Build.0 = Debug|Any CPU
		{a1b2bff9-3906-0345-9547-be6fc9c323aa}.Debug|Any CPU.ActiveCfg = Debug|Any CPU
		{a1b2bff9-3906-0345-9547-be6fc9c323aa}.Debug|Any CPU.Build.0 = Debug|Any CPU
		{a84ba027-5b5f-6e28-d5a5-ffcef0027a3d}.Debug|Any CPU.ActiveCfg = Debug|Any CPU
		{a84ba027-5b5f-6e28-d5a5-ffcef0027a3d}.Debug|Any CPU.Build.0 = Debug|Any CPU
		{21d20125-1ff4-fb4d-372a-f9d5bc206fcd}.Debug|Any CPU.ActiveCfg = Debug|Any CPU
		{21d20125-1ff4-fb4d-372a-f9d5bc206fcd}.Debug|Any CPU.Build.0 = Debug|Any CPU
		{ce748ab2-3852-820b-c38c-b9e549f2426d}.Debug|Any CPU.ActiveCfg = Debug|Any CPU
		{ce748ab2-3852-820b-c38c-b9e549f2426d}.Debug|Any CPU.Build.0 = Debug|Any CPU
		{a1598011-a093-da7d-a5c1-32086d516792}.Debug|Any CPU.ActiveCfg = Debug|Any CPU
		{a1598011-a093-da7d-a5c1-32086d516792}.Debug|Any CPU.Build.0 = Debug|Any CPU
		{a8e3fa63-2e0f-b952-dcc7-1b96d327297c}.Debug|Any CPU.ActiveCfg = Debug|Any CPU
		{a8e3fa63-2e0f-b952-dcc7-1b96d327297c}.Debug|Any CPU.Build.0 = Debug|Any CPU
		{8c0421b2-874e-f398-f106-20ef2316af59}.Debug|Any CPU.ActiveCfg = Debug|Any CPU
		{8c0421b2-874e-f398-f106-20ef2316af59}.Debug|Any CPU.Build.0 = Debug|Any CPU
		{63d99c94-76f8-c091-30c1-24038d89ef19}.Debug|Any CPU.ActiveCfg = Debug|Any CPU
		{63d99c94-76f8-c091-30c1-24038d89ef19}.Debug|Any CPU.Build.0 = Debug|Any CPU
		{060d4133-7314-98a1-047c-686f5c543e1c}.Debug|Any CPU.ActiveCfg = Debug|Any CPU
		{060d4133-7314-98a1-047c-686f5c543e1c}.Debug|Any CPU.Build.0 = Debug|Any CPU
		{0adeddfd-4b90-a727-6d6f-6ec3935fe5d1}.Debug|Any CPU.ActiveCfg = Debug|Any CPU
		{0adeddfd-4b90-a727-6d6f-6ec3935fe5d1}.Debug|Any CPU.Build.0 = Debug|Any CPU
		{0668174a-e592-36e5-578c-ae320011929f}.Debug|Any CPU.ActiveCfg = Debug|Any CPU
		{0668174a-e592-36e5-578c-ae320011929f}.Debug|Any CPU.Build.0 = Debug|Any CPU
	EndGlobalSection
	GlobalSection(SolutionProperties) = preSolution
		HideSolutionNode = FALSE
	EndGlobalSection
EndGlobal
